
Microsoft Visual Studio Solution File, Format Version 12.00
# Visual Studio 15
Project("{FAE04EC0-301F-11D3-BF4B-00C04F79EFBC}") = "Unity.Timeline", "Unity.Timeline.csproj", "{442446FE-DB48-51A3-6510-E4789114E711}"
EndProject
Project("{FAE04EC0-301F-11D3-BF4B-00C04F79EFBC}") = "Unity.Timeline.Editor", "Unity.Timeline.Editor.csproj", "{BE66C73B-A3A0-0369-53D2-3F1E4F32A84B}"
EndProject
Project("{FAE04EC0-301F-11D3-BF4B-00C04F79EFBC}") = "Unity.TextMeshPro.Editor", "Unity.TextMeshPro.Editor.csproj", "{140CA3DE-69C5-B837-9D85-503019DA790B}"
EndProject
Project("{FAE04EC0-301F-11D3-BF4B-00C04F79EFBC}") = "Noesis.NoesisGUI", "Noesis.NoesisGUI.csproj", "{35A02700-358A-92F4-4A2F-02C500AED2CF}"
EndProject
Project("{FAE04EC0-301F-11D3-BF4B-00C04F79EFBC}") = "Unity.Services.Core.Internal", "Unity.Services.Core.Internal.csproj", "{1B4584A8-C86A-BF34-C36A-60A253CA4717}"
EndProject
Project("{FAE04EC0-301F-11D3-BF4B-00C04F79EFBC}") = "Unity.VisualScripting.Flow", "Unity.VisualScripting.Flow.csproj", "{411F4A44-C073-71B3-E3D1-C9A2B97CC1BC}"
EndProject
Project("{FAE04EC0-301F-11D3-BF4B-00C04F79EFBC}") = "UnityEditor.UI", "UnityEditor.UI.csproj", "{B5157525-475B-B64E-3B08-3AC54D41D3BB}"
EndProject
Project("{FAE04EC0-301F-11D3-BF4B-00C04F79EFBC}") = "Unity.PlasticSCM.Editor", "Unity.PlasticSCM.Editor.csproj", "{DA16F75B-B958-343F-6801-B1153AB450EB}"
EndProject
Project("{FAE04EC0-301F-11D3-BF4B-00C04F79EFBC}") = "Unity.InputSystem", "Unity.InputSystem.csproj", "{D05BAE90-58D4-28B2-6E3A-5A9AAA5BCA68}"
EndProject
Project("{FAE04EC0-301F-11D3-BF4B-00C04F79EFBC}") = "Unity.CollabProxy.Editor", "Unity.CollabProxy.Editor.csproj", "{52F0D751-5EC1-6E7B-ECE7-E2A538F7773F}"
EndProject
Project("{FAE04EC0-301F-11D3-BF4B-00C04F79EFBC}") = "Unity.VisualScripting.Core", "Unity.VisualScripting.Core.csproj", "{FC7EF781-4AC8-E187-4DBF-9B0F1E7570C4}"
EndProject
Project("{FAE04EC0-301F-11D3-BF4B-00C04F79EFBC}") = "Unity.VisualScripting.Core.Editor", "Unity.VisualScripting.Core.Editor.csproj", "{BC63CE58-1E6A-1D45-93F9-E3B53F1DB900}"
EndProject
Project("{FAE04EC0-301F-11D3-BF4B-00C04F79EFBC}") = "Unity.VisualScripting.Flow.Editor", "Unity.VisualScripting.Flow.Editor.csproj", "{2475F601-ED64-DC6C-6A55-D1B8E78458EA}"
EndProject
Project("{FAE04EC0-301F-11D3-BF4B-00C04F79EFBC}") = "UnityEditor.TestRunner", "UnityEditor.TestRunner.csproj", "{AC9ABD39-9E15-165C-6831-97C66E6A6FC9}"
EndProject
Project("{FAE04EC0-301F-11D3-BF4B-00C04F79EFBC}") = "Unity.VisualScripting.SettingsProvider.Editor", "Unity.VisualScripting.SettingsProvider.Editor.csproj", "{037DFE07-50B1-8137-C830-5C97D1FE4C81}"
EndProject
Project("{FAE04EC0-301F-11D3-BF4B-00C04F79EFBC}") = "UnityEngine.TestRunner", "UnityEngine.TestRunner.csproj", "{D0EAFB0B-853C-BFEE-BF48-5ECF79CFE479}"
EndProject
Project("{FAE04EC0-301F-11D3-BF4B-00C04F79EFBC}") = "UnityEngine.UI", "UnityEngine.UI.csproj", "{D6BA7015-DBDD-3A78-8FF8-719CF96ED26F}"
EndProject
Project("{FAE04EC0-301F-11D3-BF4B-00C04F79EFBC}") = "Unity.AI.Navigation.Editor", "Unity.AI.Navigation.Editor.csproj", "{458903D3-E1B7-FBB1-5F33-3D58C6E098A8}"
EndProject
Project("{FAE04EC0-301F-11D3-BF4B-00C04F79EFBC}") = "Unity.VisualStudio.Editor", "Unity.VisualStudio.Editor.csproj", "{09BB37FD-9BDA-C5BC-39D7-070B0ED6B841}"
EndProject
Project("{FAE04EC0-301F-11D3-BF4B-00C04F79EFBC}") = "Assembly-CSharp", "Assembly-CSharp.csproj", "{EE8165B4-21BE-3545-378E-CF30631A264B}"
EndProject
Project("{FAE04EC0-301F-11D3-BF4B-00C04F79EFBC}") = "Unity.TestTools.CodeCoverage.Editor.OpenCover.Model", "Unity.TestTools.CodeCoverage.Editor.OpenCover.Model.csproj", "{5094A4C4-376E-8120-EC46-F6B7E6F3B2B7}"
EndProject
Project("{FAE04EC0-301F-11D3-BF4B-00C04F79EFBC}") = "Unity.Rider.Editor", "Unity.Rider.Editor.csproj", "{46B722A5-42B0-C8AE-D024-94DA97547763}"
EndProject
Project("{FAE04EC0-301F-11D3-BF4B-00C04F79EFBC}") = "Unity.Services.Core.Environments.Internal", "Unity.Services.Core.Environments.Internal.csproj", "{A522CE7A-AF15-B28F-77C3-6354AA0053AF}"
EndProject
Project("{FAE04EC0-301F-11D3-BF4B-00C04F79EFBC}") = "Unity.Services.Core.Telemetry", "Unity.Services.Core.Telemetry.csproj", "{C7005831-C038-737C-9F0F-CE53628D0C4E}"
EndProject
Project("{FAE04EC0-301F-11D3-BF4B-00C04F79EFBC}") = "Unity.AI.Navigation", "Unity.AI.Navigation.csproj", "{B8B755BE-C397-DB33-0AFE-1C7E5721108E}"
EndProject
Project("{FAE04EC0-301F-11D3-BF4B-00C04F79EFBC}") = "Unity.Services.Core.Editor", "Unity.Services.Core.Editor.csproj", "{BEF11461-DC7D-2101-E424-010CA206108D}"
EndProject
Project("{FAE04EC0-301F-11D3-BF4B-00C04F79EFBC}") = "Unity.Services.Core.Configuration", "Unity.Services.Core.Configuration.csproj", "{A7E0B25F-4D2B-2D7B-06E7-D224C3AD0C40}"
EndProject
Project("{FAE04EC0-301F-11D3-BF4B-00C04F79EFBC}") = "Unity.AI.Navigation.Editor.ConversionSystem", "Unity.AI.Navigation.Editor.ConversionSystem.csproj", "{39A3BD48-242B-4CD0-BA7E-EBD6519C1056}"
EndProject
Project("{FAE04EC0-301F-11D3-BF4B-00C04F79EFBC}") = "Unity.VisualScripting.State.Editor", "Unity.VisualScripting.State.Editor.csproj", "{CDD264D3-C9AA-50B3-0FEA-9A9C15793C4E}"
EndProject
Project("{FAE04EC0-301F-11D3-BF4B-00C04F79EFBC}") = "Unity.TestTools.CodeCoverage.Editor", "Unity.TestTools.CodeCoverage.Editor.csproj", "{C7F84DE2-6800-073A-B8E1-A072CF29B84C}"
EndProject
Project("{FAE04EC0-301F-11D3-BF4B-00C04F79EFBC}") = "Noesis.NoesisGUI.Editor", "Noesis.NoesisGUI.Editor.csproj", "{0DCCBF89-4E7C-F849-35E5-3D8BC7B4061D}"
EndProject
Project("{FAE04EC0-301F-11D3-BF4B-00C04F79EFBC}") = "Unity.Services.Core.Configuration.Editor", "Unity.Services.Core.Configuration.Editor.csproj", "{6FA1740D-178B-56B7-C250-86C0E15367C1}"
EndProject
Project("{FAE04EC0-301F-11D3-BF4B-00C04F79EFBC}") = "Unity.Services.Core", "Unity.Services.Core.csproj", "{76170865-CEF1-E0E5-DBD1-1D56F7E550C8}"
EndProject
Project("{FAE04EC0-301F-11D3-BF4B-00C04F79EFBC}") = "Unity.VisualScripting.State", "Unity.VisualScripting.State.csproj", "{EEAE2469-BB6D-2F02-EC2A-BA1BEF836184}"
EndProject
Project("{FAE04EC0-301F-11D3-BF4B-00C04F79EFBC}") = "Unity.TextMeshPro", "Unity.TextMeshPro.csproj", "{08400B26-DBD3-7652-5295-113062FE64E2}"
EndProject
Project("{FAE04EC0-301F-11D3-BF4B-00C04F79EFBC}") = "Unity.Services.Core.Networking", "Unity.Services.Core.Networking.csproj", "{E4483B77-1309-5C10-6997-00082090CF15}"
EndProject
Project("{FAE04EC0-301F-11D3-BF4B-00C04F79EFBC}") = "Unity.Performance.Profile-Analyzer.Editor", "Unity.Performance.Profile-Analyzer.Editor.csproj", "{79168138-38E0-3806-01C3-BB53C8D6F78C}"
EndProject
Project("{FAE04EC0-301F-11D3-BF4B-00C04F79EFBC}") = "Unity.Services.Core.Scheduler", "Unity.Services.Core.Scheduler.csproj", "{3F725422-865A-6347-60A4-301001F8E570}"
EndProject
Project("{FAE04EC0-301F-11D3-BF4B-00C04F79EFBC}") = "Unity.VSCode.Editor", "Unity.VSCode.Editor.csproj", "{E7EB9B06-2C8B-EF7D-4F74-48086CBC0E93}"
EndProject
Project("{FAE04EC0-301F-11D3-BF4B-00C04F79EFBC}") = "Unity.TestTools.CodeCoverage.Editor.OpenCover.Mono.Reflection", "Unity.TestTools.CodeCoverage.Editor.OpenCover.Mono.Reflection.csproj", "{D8C99FEC-F429-F3C2-0480-7F71388C83F2}"
EndProject
Project("{FAE04EC0-301F-11D3-BF4B-00C04F79EFBC}") = "Unity.2D.Sprite.Editor", "Unity.2D.Sprite.Editor.csproj", "{F738222C-B48A-8189-494A-AE1036CED1E3}"
EndProject
Project("{FAE04EC0-301F-11D3-BF4B-00C04F79EFBC}") = "Unity.AI.Navigation.Updater", "Unity.AI.Navigation.Updater.csproj", "{52BD6F20-394A-F45D-1E92-782DF6CB7088}"
EndProject
Project("{FAE04EC0-301F-11D3-BF4B-00C04F79EFBC}") = "Unity.Settings.Editor", "Unity.Settings.Editor.csproj", "{2808B4C9-D243-63FE-B716-F01883600C10}"
EndProject
Project("{FAE04EC0-301F-11D3-BF4B-00C04F79EFBC}") = "Unity.Services.Core.Registration", "Unity.Services.Core.Registration.csproj", "{0D449ACC-D877-9A7C-3CDC-06806660A897}"
EndProject
Project("{FAE04EC0-301F-11D3-BF4B-00C04F79EFBC}") = "Unity.Services.Core.Analytics", "Unity.Services.Core.Analytics.csproj", "{189CFD50-F85B-AD40-8829-4A02DEE4E815}"
EndProject
Project("{FAE04EC0-301F-11D3-BF4B-00C04F79EFBC}") = "Unity.Services.Core.Threading", "Unity.Services.Core.Threading.csproj", "{36CF1E0A-2753-C60A-4B61-5D7D8A1AB6B6}"
EndProject
Project("{FAE04EC0-301F-11D3-BF4B-00C04F79EFBC}") = "Unity.EditorCoroutines.Editor", "Unity.EditorCoroutines.Editor.csproj", "{8CBB574D-DEF6-2738-880B-73A88DCFDBB9}"
EndProject
Project("{FAE04EC0-301F-11D3-BF4B-00C04F79EFBC}") = "Unity.Services.Core.Device", "Unity.Services.Core.Device.csproj", "{D2A87215-2BCC-A9C9-E779-18B6B6EB0D50}"
EndProject
Project("{FAE04EC0-301F-11D3-BF4B-00C04F79EFBC}") = "Unity.Services.Core.Environments", "Unity.Services.Core.Environments.csproj", "{B47F6D78-74A0-4FC0-ED86-8B07630BB176}"
EndProject
Project("{FAE04EC0-301F-11D3-BF4B-00C04F79EFBC}") = "Unity.VisualScripting.Shared.Editor", "Unity.VisualScripting.Shared.Editor.csproj", "{219D7A95-8310-C317-6AA5-1E1082EC2BA5}"
EndProject
Project("{FAE04EC0-301F-11D3-BF4B-00C04F79EFBC}") = "Unity.Timeline", "Unity.Timeline.Player.csproj", "{3AFDB13C-29C9-7308-D8BD-EAC4D40E4041}"
EndProject
Project("{FAE04EC0-301F-11D3-BF4B-00C04F79EFBC}") = "Noesis.NoesisGUI", "Noesis.NoesisGUI.Player.csproj", "{357F9FD3-0336-98BB-4553-4FE62E357269}"
EndProject
Project("{FAE04EC0-301F-11D3-BF4B-00C04F79EFBC}") = "Unity.Services.Core.Internal", "Unity.Services.Core.Internal.Player.csproj", "{F1A8B789-D9A3-BA3E-F016-1FC8F2728DA0}"
EndProject
Project("{FAE04EC0-301F-11D3-BF4B-00C04F79EFBC}") = "Unity.VisualScripting.Flow", "Unity.VisualScripting.Flow.Player.csproj", "{0142BABA-8726-022B-1397-62FA5219BE38}"
EndProject
Project("{FAE04EC0-301F-11D3-BF4B-00C04F79EFBC}") = "Unity.InputSystem", "Unity.InputSystem.Player.csproj", "{E098985A-D20E-98E6-AC4E-54D6245300E2}"
EndProject
Project("{FAE04EC0-301F-11D3-BF4B-00C04F79EFBC}") = "Unity.VisualScripting.Core", "Unity.VisualScripting.Core.Player.csproj", "{41F71291-D832-8502-1D98-8C7236154887}"
EndProject
Project("{FAE04EC0-301F-11D3-BF4B-00C04F79EFBC}") = "UnityEngine.TestRunner", "UnityEngine.TestRunner.Player.csproj", "{0E33F2E4-0685-A027-3DB4-9A21AE619796}"
EndProject
Project("{FAE04EC0-301F-11D3-BF4B-00C04F79EFBC}") = "UnityEngine.UI", "UnityEngine.UI.Player.csproj", "{30057B0D-B85A-C3CA-2222-C83B0568AA6C}"
EndProject
Project("{FAE04EC0-301F-11D3-BF4B-00C04F79EFBC}") = "Assembly-CSharp", "Assembly-CSharp.Player.csproj", "{5E6A3738-6597-07DA-1180-7910F7A27359}"
EndProject
Project("{FAE04EC0-301F-11D3-BF4B-00C04F79EFBC}") = "Unity.Services.Core.Environments.Internal", "Unity.Services.Core.Environments.Internal.Player.csproj", "{264B802F-6A6F-75F7-B34D-73F21771863F}"
EndProject
Project("{FAE04EC0-301F-11D3-BF4B-00C04F79EFBC}") = "Unity.Services.Core.Telemetry", "Unity.Services.Core.Telemetry.Player.csproj", "{D6F7A0EF-D2AC-0094-1959-7748D92BC342}"
EndProject
Project("{FAE04EC0-301F-11D3-BF4B-00C04F79EFBC}") = "Unity.AI.Navigation", "Unity.AI.Navigation.Player.csproj", "{AC4B9D07-4A48-DF54-D270-C434029002E2}"
EndProject
Project("{FAE04EC0-301F-11D3-BF4B-00C04F79EFBC}") = "Unity.Services.Core.Configuration", "Unity.Services.Core.Configuration.Player.csproj", "{E1EDF1CC-7F29-0F0D-FBEA-B94933BED253}"
EndProject
Project("{FAE04EC0-301F-11D3-BF4B-00C04F79EFBC}") = "Unity.Services.Core", "Unity.Services.Core.Player.csproj", "{2119B5A7-3DB9-F1C8-5939-DD96EE260347}"
EndProject
Project("{FAE04EC0-301F-11D3-BF4B-00C04F79EFBC}") = "Unity.VisualScripting.State", "Unity.VisualScripting.State.Player.csproj", "{C5B36CCC-23ED-1270-ED5B-36DE7501A5AE}"
EndProject
Project("{FAE04EC0-301F-11D3-BF4B-00C04F79EFBC}") = "Unity.TextMeshPro", "Unity.TextMeshPro.Player.csproj", "{0088C3D2-1370-1A3E-6C30-2B0528487247}"
EndProject
Project("{FAE04EC0-301F-11D3-BF4B-00C04F79EFBC}") = "Unity.Services.Core.Networking", "Unity.Services.Core.Networking.Player.csproj", "{2427B745-11AA-8560-4882-8D7FF68E2D4B}"
EndProject
Project("{FAE04EC0-301F-11D3-BF4B-00C04F79EFBC}") = "Unity.Services.Core.Scheduler", "Unity.Services.Core.Scheduler.Player.csproj", "{28BD3C1D-A729-00F4-C2E1-64913DE7B5F9}"
EndProject
Project("{FAE04EC0-301F-11D3-BF4B-00C04F79EFBC}") = "Unity.Services.Core.Registration", "Unity.Services.Core.Registration.Player.csproj", "{9E0806DD-DF92-9611-1FD7-85C9400B3BC7}"
EndProject
Project("{FAE04EC0-301F-11D3-BF4B-00C04F79EFBC}") = "Unity.Services.Core.Analytics", "Unity.Services.Core.Analytics.Player.csproj", "{241BAD60-0E30-3B9A-E3E8-5484AE4127AC}"
EndProject
Project("{FAE04EC0-301F-11D3-BF4B-00C04F79EFBC}") = "Unity.Services.Core.Threading", "Unity.Services.Core.Threading.Player.csproj", "{385B9038-A26E-5DA7-4881-379C0A409DEC}"
EndProject
Project("{FAE04EC0-301F-11D3-BF4B-00C04F79EFBC}") = "Unity.Services.Core.Device", "Unity.Services.Core.Device.Player.csproj", "{D9879A8F-E86F-B8F5-80EB-94E1CFA17320}"
EndProject
Project("{FAE04EC0-301F-11D3-BF4B-00C04F79EFBC}") = "Unity.Services.Core.Environments", "Unity.Services.Core.Environments.Player.csproj", "{E507537E-B2C3-783B-F42A-167521C6F5D9}"
EndProject
Global
	GlobalSection(SolutionConfigurationPlatforms) = preSolution
		Debug|Any CPU = Debug|Any CPU
		Release|Any CPU = Release|Any CPU
	EndGlobalSection
	GlobalSection(ProjectConfigurationPlatforms) = postSolution
		{442446FE-DB48-51A3-6510-E4789114E711}.Debug|Any CPU.ActiveCfg = Debug|Any CPU
		{442446FE-DB48-51A3-6510-E4789114E711}.Debug|Any CPU.Build.0 = Debug|Any CPU
		{442446FE-DB48-51A3-6510-E4789114E711}.Release|Any CPU.ActiveCfg = Release|Any CPU
		{442446FE-DB48-51A3-6510-E4789114E711}.Release|Any CPU.Build.0 = Release|Any CPU
		{BE66C73B-A3A0-0369-53D2-3F1E4F32A84B}.Debug|Any CPU.ActiveCfg = Debug|Any CPU
		{BE66C73B-A3A0-0369-53D2-3F1E4F32A84B}.Debug|Any CPU.Build.0 = Debug|Any CPU
		{BE66C73B-A3A0-0369-53D2-3F1E4F32A84B}.Release|Any CPU.ActiveCfg = Release|Any CPU
		{BE66C73B-A3A0-0369-53D2-3F1E4F32A84B}.Release|Any CPU.Build.0 = Release|Any CPU
		{140CA3DE-69C5-B837-9D85-503019DA790B}.Debug|Any CPU.ActiveCfg = Debug|Any CPU
		{140CA3DE-69C5-B837-9D85-503019DA790B}.Debug|Any CPU.Build.0 = Debug|Any CPU
		{140CA3DE-69C5-B837-9D85-503019DA790B}.Release|Any CPU.ActiveCfg = Release|Any CPU
		{140CA3DE-69C5-B837-9D85-503019DA790B}.Release|Any CPU.Build.0 = Release|Any CPU
		{35A02700-358A-92F4-4A2F-02C500AED2CF}.Debug|Any CPU.ActiveCfg = Debug|Any CPU
		{35A02700-358A-92F4-4A2F-02C500AED2CF}.Debug|Any CPU.Build.0 = Debug|Any CPU
		{35A02700-358A-92F4-4A2F-02C500AED2CF}.Release|Any CPU.ActiveCfg = Release|Any CPU
		{35A02700-358A-92F4-4A2F-02C500AED2CF}.Release|Any CPU.Build.0 = Release|Any CPU
		{1B4584A8-C86A-BF34-C36A-60A253CA4717}.Debug|Any CPU.ActiveCfg = Debug|Any CPU
		{1B4584A8-C86A-BF34-C36A-60A253CA4717}.Debug|Any CPU.Build.0 = Debug|Any CPU
		{1B4584A8-C86A-BF34-C36A-60A253CA4717}.Release|Any CPU.ActiveCfg = Release|Any CPU
		{1B4584A8-C86A-BF34-C36A-60A253CA4717}.Release|Any CPU.Build.0 = Release|Any CPU
		{411F4A44-C073-71B3-E3D1-C9A2B97CC1BC}.Debug|Any CPU.ActiveCfg = Debug|Any CPU
		{411F4A44-C073-71B3-E3D1-C9A2B97CC1BC}.Debug|Any CPU.Build.0 = Debug|Any CPU
		{411F4A44-C073-71B3-E3D1-C9A2B97CC1BC}.Release|Any CPU.ActiveCfg = Release|Any CPU
		{411F4A44-C073-71B3-E3D1-C9A2B97CC1BC}.Release|Any CPU.Build.0 = Release|Any CPU
		{B5157525-475B-B64E-3B08-3AC54D41D3BB}.Debug|Any CPU.ActiveCfg = Debug|Any CPU
		{B5157525-475B-B64E-3B08-3AC54D41D3BB}.Debug|Any CPU.Build.0 = Debug|Any CPU
		{B5157525-475B-B64E-3B08-3AC54D41D3BB}.Release|Any CPU.ActiveCfg = Release|Any CPU
		{B5157525-475B-B64E-3B08-3AC54D41D3BB}.Release|Any CPU.Build.0 = Release|Any CPU
		{DA16F75B-B958-343F-6801-B1153AB450EB}.Debug|Any CPU.ActiveCfg = Debug|Any CPU
		{DA16F75B-B958-343F-6801-B1153AB450EB}.Debug|Any CPU.Build.0 = Debug|Any CPU
		{DA16F75B-B958-343F-6801-B1153AB450EB}.Release|Any CPU.ActiveCfg = Release|Any CPU
		{DA16F75B-B958-343F-6801-B1153AB450EB}.Release|Any CPU.Build.0 = Release|Any CPU
		{D05BAE90-58D4-28B2-6E3A-5A9AAA5BCA68}.Debug|Any CPU.ActiveCfg = Debug|Any CPU
		{D05BAE90-58D4-28B2-6E3A-5A9AAA5BCA68}.Debug|Any CPU.Build.0 = Debug|Any CPU
		{D05BAE90-58D4-28B2-6E3A-5A9AAA5BCA68}.Release|Any CPU.ActiveCfg = Release|Any CPU
		{D05BAE90-58D4-28B2-6E3A-5A9AAA5BCA68}.Release|Any CPU.Build.0 = Release|Any CPU
		{52F0D751-5EC1-6E7B-ECE7-E2A538F7773F}.Debug|Any CPU.ActiveCfg = Debug|Any CPU
		{52F0D751-5EC1-6E7B-ECE7-E2A538F7773F}.Debug|Any CPU.Build.0 = Debug|Any CPU
		{52F0D751-5EC1-6E7B-ECE7-E2A538F7773F}.Release|Any CPU.ActiveCfg = Release|Any CPU
		{52F0D751-5EC1-6E7B-ECE7-E2A538F7773F}.Release|Any CPU.Build.0 = Release|Any CPU
		{FC7EF781-4AC8-E187-4DBF-9B0F1E7570C4}.Debug|Any CPU.ActiveCfg = Debug|Any CPU
		{FC7EF781-4AC8-E187-4DBF-9B0F1E7570C4}.Debug|Any CPU.Build.0 = Debug|Any CPU
		{FC7EF781-4AC8-E187-4DBF-9B0F1E7570C4}.Release|Any CPU.ActiveCfg = Release|Any CPU
		{FC7EF781-4AC8-E187-4DBF-9B0F1E7570C4}.Release|Any CPU.Build.0 = Release|Any CPU
		{BC63CE58-1E6A-1D45-93F9-E3B53F1DB900}.Debug|Any CPU.ActiveCfg = Debug|Any CPU
		{BC63CE58-1E6A-1D45-93F9-E3B53F1DB900}.Debug|Any CPU.Build.0 = Debug|Any CPU
		{BC63CE58-1E6A-1D45-93F9-E3B53F1DB900}.Release|Any CPU.ActiveCfg = Release|Any CPU
		{BC63CE58-1E6A-1D45-93F9-E3B53F1DB900}.Release|Any CPU.Build.0 = Release|Any CPU
		{2475F601-ED64-DC6C-6A55-D1B8E78458EA}.Debug|Any CPU.ActiveCfg = Debug|Any CPU
		{2475F601-ED64-DC6C-6A55-D1B8E78458EA}.Debug|Any CPU.Build.0 = Debug|Any CPU
		{2475F601-ED64-DC6C-6A55-D1B8E78458EA}.Release|Any CPU.ActiveCfg = Release|Any CPU
		{2475F601-ED64-DC6C-6A55-D1B8E78458EA}.Release|Any CPU.Build.0 = Release|Any CPU
		{AC9ABD39-9E15-165C-6831-97C66E6A6FC9}.Debug|Any CPU.ActiveCfg = Debug|Any CPU
		{AC9ABD39-9E15-165C-6831-97C66E6A6FC9}.Debug|Any CPU.Build.0 = Debug|Any CPU
		{AC9ABD39-9E15-165C-6831-97C66E6A6FC9}.Release|Any CPU.ActiveCfg = Release|Any CPU
		{AC9ABD39-9E15-165C-6831-97C66E6A6FC9}.Release|Any CPU.Build.0 = Release|Any CPU
		{037DFE07-50B1-8137-C830-5C97D1FE4C81}.Debug|Any CPU.ActiveCfg = Debug|Any CPU
		{037DFE07-50B1-8137-C830-5C97D1FE4C81}.Debug|Any CPU.Build.0 = Debug|Any CPU
		{037DFE07-50B1-8137-C830-5C97D1FE4C81}.Release|Any CPU.ActiveCfg = Release|Any CPU
		{037DFE07-50B1-8137-C830-5C97D1FE4C81}.Release|Any CPU.Build.0 = Release|Any CPU
		{D0EAFB0B-853C-BFEE-BF48-5ECF79CFE479}.Debug|Any CPU.ActiveCfg = Debug|Any CPU
		{D0EAFB0B-853C-BFEE-BF48-5ECF79CFE479}.Debug|Any CPU.Build.0 = Debug|Any CPU
		{D0EAFB0B-853C-BFEE-BF48-5ECF79CFE479}.Release|Any CPU.ActiveCfg = Release|Any CPU
		{D0EAFB0B-853C-BFEE-BF48-5ECF79CFE479}.Release|Any CPU.Build.0 = Release|Any CPU
		{D6BA7015-DBDD-3A78-8FF8-719CF96ED26F}.Debug|Any CPU.ActiveCfg = Debug|Any CPU
		{D6BA7015-DBDD-3A78-8FF8-719CF96ED26F}.Debug|Any CPU.Build.0 = Debug|Any CPU
		{D6BA7015-DBDD-3A78-8FF8-719CF96ED26F}.Release|Any CPU.ActiveCfg = Release|Any CPU
		{D6BA7015-DBDD-3A78-8FF8-719CF96ED26F}.Release|Any CPU.Build.0 = Release|Any CPU
		{458903D3-E1B7-FBB1-5F33-3D58C6E098A8}.Debug|Any CPU.ActiveCfg = Debug|Any CPU
		{458903D3-E1B7-FBB1-5F33-3D58C6E098A8}.Debug|Any CPU.Build.0 = Debug|Any CPU
		{458903D3-E1B7-FBB1-5F33-3D58C6E098A8}.Release|Any CPU.ActiveCfg = Release|Any CPU
		{458903D3-E1B7-FBB1-5F33-3D58C6E098A8}.Release|Any CPU.Build.0 = Release|Any CPU
		{09BB37FD-9BDA-C5BC-39D7-070B0ED6B841}.Debug|Any CPU.ActiveCfg = Debug|Any CPU
		{09BB37FD-9BDA-C5BC-39D7-070B0ED6B841}.Debug|Any CPU.Build.0 = Debug|Any CPU
		{09BB37FD-9BDA-C5BC-39D7-070B0ED6B841}.Release|Any CPU.ActiveCfg = Release|Any CPU
		{09BB37FD-9BDA-C5BC-39D7-070B0ED6B841}.Release|Any CPU.Build.0 = Release|Any CPU
		{EE8165B4-21BE-3545-378E-CF30631A264B}.Debug|Any CPU.ActiveCfg = Debug|Any CPU
		{EE8165B4-21BE-3545-378E-CF30631A264B}.Debug|Any CPU.Build.0 = Debug|Any CPU
		{EE8165B4-21BE-3545-378E-CF30631A264B}.Release|Any CPU.ActiveCfg = Release|Any CPU
		{EE8165B4-21BE-3545-378E-CF30631A264B}.Release|Any CPU.Build.0 = Release|Any CPU
		{5094A4C4-376E-8120-EC46-F6B7E6F3B2B7}.Debug|Any CPU.ActiveCfg = Debug|Any CPU
		{5094A4C4-376E-8120-EC46-F6B7E6F3B2B7}.Debug|Any CPU.Build.0 = Debug|Any CPU
		{5094A4C4-376E-8120-EC46-F6B7E6F3B2B7}.Release|Any CPU.ActiveCfg = Release|Any CPU
		{5094A4C4-376E-8120-EC46-F6B7E6F3B2B7}.Release|Any CPU.Build.0 = Release|Any CPU
		{46B722A5-42B0-C8AE-D024-94DA97547763}.Debug|Any CPU.ActiveCfg = Debug|Any CPU
		{46B722A5-42B0-C8AE-D024-94DA97547763}.Debug|Any CPU.Build.0 = Debug|Any CPU
		{46B722A5-42B0-C8AE-D024-94DA97547763}.Release|Any CPU.ActiveCfg = Release|Any CPU
		{46B722A5-42B0-C8AE-D024-94DA97547763}.Release|Any CPU.Build.0 = Release|Any CPU
		{A522CE7A-AF15-B28F-77C3-6354AA0053AF}.Debug|Any CPU.ActiveCfg = Debug|Any CPU
		{A522CE7A-AF15-B28F-77C3-6354AA0053AF}.Debug|Any CPU.Build.0 = Debug|Any CPU
		{A522CE7A-AF15-B28F-77C3-6354AA0053AF}.Release|Any CPU.ActiveCfg = Release|Any CPU
		{A522CE7A-AF15-B28F-77C3-6354AA0053AF}.Release|Any CPU.Build.0 = Release|Any CPU
		{C7005831-C038-737C-9F0F-CE53628D0C4E}.Debug|Any CPU.ActiveCfg = Debug|Any CPU
		{C7005831-C038-737C-9F0F-CE53628D0C4E}.Debug|Any CPU.Build.0 = Debug|Any CPU
		{C7005831-C038-737C-9F0F-CE53628D0C4E}.Release|Any CPU.ActiveCfg = Release|Any CPU
		{C7005831-C038-737C-9F0F-CE53628D0C4E}.Release|Any CPU.Build.0 = Release|Any CPU
		{B8B755BE-C397-DB33-0AFE-1C7E5721108E}.Debug|Any CPU.ActiveCfg = Debug|Any CPU
		{B8B755BE-C397-DB33-0AFE-1C7E5721108E}.Debug|Any CPU.Build.0 = Debug|Any CPU
		{B8B755BE-C397-DB33-0AFE-1C7E5721108E}.Release|Any CPU.ActiveCfg = Release|Any CPU
		{B8B755BE-C397-DB33-0AFE-1C7E5721108E}.Release|Any CPU.Build.0 = Release|Any CPU
		{BEF11461-DC7D-2101-E424-010CA206108D}.Debug|Any CPU.ActiveCfg = Debug|Any CPU
		{BEF11461-DC7D-2101-E424-010CA206108D}.Debug|Any CPU.Build.0 = Debug|Any CPU
		{BEF11461-DC7D-2101-E424-010CA206108D}.Release|Any CPU.ActiveCfg = Release|Any CPU
		{BEF11461-DC7D-2101-E424-010CA206108D}.Release|Any CPU.Build.0 = Release|Any CPU
		{A7E0B25F-4D2B-2D7B-06E7-D224C3AD0C40}.Debug|Any CPU.ActiveCfg = Debug|Any CPU
		{A7E0B25F-4D2B-2D7B-06E7-D224C3AD0C40}.Debug|Any CPU.Build.0 = Debug|Any CPU
		{A7E0B25F-4D2B-2D7B-06E7-D224C3AD0C40}.Release|Any CPU.ActiveCfg = Release|Any CPU
		{A7E0B25F-4D2B-2D7B-06E7-D224C3AD0C40}.Release|Any CPU.Build.0 = Release|Any CPU
		{39A3BD48-242B-4CD0-BA7E-EBD6519C1056}.Debug|Any CPU.ActiveCfg = Debug|Any CPU
		{39A3BD48-242B-4CD0-BA7E-EBD6519C1056}.Debug|Any CPU.Build.0 = Debug|Any CPU
		{39A3BD48-242B-4CD0-BA7E-EBD6519C1056}.Release|Any CPU.ActiveCfg = Release|Any CPU
		{39A3BD48-242B-4CD0-BA7E-EBD6519C1056}.Release|Any CPU.Build.0 = Release|Any CPU
		{CDD264D3-C9AA-50B3-0FEA-9A9C15793C4E}.Debug|Any CPU.ActiveCfg = Debug|Any CPU
		{CDD264D3-C9AA-50B3-0FEA-9A9C15793C4E}.Debug|Any CPU.Build.0 = Debug|Any CPU
		{CDD264D3-C9AA-50B3-0FEA-9A9C15793C4E}.Release|Any CPU.ActiveCfg = Release|Any CPU
		{CDD264D3-C9AA-50B3-0FEA-9A9C15793C4E}.Release|Any CPU.Build.0 = Release|Any CPU
		{C7F84DE2-6800-073A-B8E1-A072CF29B84C}.Debug|Any CPU.ActiveCfg = Debug|Any CPU
		{C7F84DE2-6800-073A-B8E1-A072CF29B84C}.Debug|Any CPU.Build.0 = Debug|Any CPU
		{C7F84DE2-6800-073A-B8E1-A072CF29B84C}.Release|Any CPU.ActiveCfg = Release|Any CPU
		{C7F84DE2-6800-073A-B8E1-A072CF29B84C}.Release|Any CPU.Build.0 = Release|Any CPU
		{0DCCBF89-4E7C-F849-35E5-3D8BC7B4061D}.Debug|Any CPU.ActiveCfg = Debug|Any CPU
		{0DCCBF89-4E7C-F849-35E5-3D8BC7B4061D}.Debug|Any CPU.Build.0 = Debug|Any CPU
		{0DCCBF89-4E7C-F849-35E5-3D8BC7B4061D}.Release|Any CPU.ActiveCfg = Release|Any CPU
		{0DCCBF89-4E7C-F849-35E5-3D8BC7B4061D}.Release|Any CPU.Build.0 = Release|Any CPU
		{6FA1740D-178B-56B7-C250-86C0E15367C1}.Debug|Any CPU.ActiveCfg = Debug|Any CPU
		{6FA1740D-178B-56B7-C250-86C0E15367C1}.Debug|Any CPU.Build.0 = Debug|Any CPU
		{6FA1740D-178B-56B7-C250-86C0E15367C1}.Release|Any CPU.ActiveCfg = Release|Any CPU
		{6FA1740D-178B-56B7-C250-86C0E15367C1}.Release|Any CPU.Build.0 = Release|Any CPU
		{76170865-CEF1-E0E5-DBD1-1D56F7E550C8}.Debug|Any CPU.ActiveCfg = Debug|Any CPU
		{76170865-CEF1-E0E5-DBD1-1D56F7E550C8}.Debug|Any CPU.Build.0 = Debug|Any CPU
		{76170865-CEF1-E0E5-DBD1-1D56F7E550C8}.Release|Any CPU.ActiveCfg = Release|Any CPU
		{76170865-CEF1-E0E5-DBD1-1D56F7E550C8}.Release|Any CPU.Build.0 = Release|Any CPU
		{EEAE2469-BB6D-2F02-EC2A-BA1BEF836184}.Debug|Any CPU.ActiveCfg = Debug|Any CPU
		{EEAE2469-BB6D-2F02-EC2A-BA1BEF836184}.Debug|Any CPU.Build.0 = Debug|Any CPU
		{EEAE2469-BB6D-2F02-EC2A-BA1BEF836184}.Release|Any CPU.ActiveCfg = Release|Any CPU
		{EEAE2469-BB6D-2F02-EC2A-BA1BEF836184}.Release|Any CPU.Build.0 = Release|Any CPU
		{08400B26-DBD3-7652-5295-113062FE64E2}.Debug|Any CPU.ActiveCfg = Debug|Any CPU
		{08400B26-DBD3-7652-5295-113062FE64E2}.Debug|Any CPU.Build.0 = Debug|Any CPU
		{08400B26-DBD3-7652-5295-113062FE64E2}.Release|Any CPU.ActiveCfg = Release|Any CPU
		{08400B26-DBD3-7652-5295-113062FE64E2}.Release|Any CPU.Build.0 = Release|Any CPU
		{E4483B77-1309-5C10-6997-00082090CF15}.Debug|Any CPU.ActiveCfg = Debug|Any CPU
		{E4483B77-1309-5C10-6997-00082090CF15}.Debug|Any CPU.Build.0 = Debug|Any CPU
		{E4483B77-1309-5C10-6997-00082090CF15}.Release|Any CPU.ActiveCfg = Release|Any CPU
		{E4483B77-1309-5C10-6997-00082090CF15}.Release|Any CPU.Build.0 = Release|Any CPU
		{79168138-38E0-3806-01C3-BB53C8D6F78C}.Debug|Any CPU.ActiveCfg = Debug|Any CPU
		{79168138-38E0-3806-01C3-BB53C8D6F78C}.Debug|Any CPU.Build.0 = Debug|Any CPU
		{79168138-38E0-3806-01C3-BB53C8D6F78C}.Release|Any CPU.ActiveCfg = Release|Any CPU
		{79168138-38E0-3806-01C3-BB53C8D6F78C}.Release|Any CPU.Build.0 = Release|Any CPU
		{3F725422-865A-6347-60A4-301001F8E570}.Debug|Any CPU.ActiveCfg = Debug|Any CPU
		{3F725422-865A-6347-60A4-301001F8E570}.Debug|Any CPU.Build.0 = Debug|Any CPU
		{3F725422-865A-6347-60A4-301001F8E570}.Release|Any CPU.ActiveCfg = Release|Any CPU
		{3F725422-865A-6347-60A4-301001F8E570}.Release|Any CPU.Build.0 = Release|Any CPU
		{E7EB9B06-2C8B-EF7D-4F74-48086CBC0E93}.Debug|Any CPU.ActiveCfg = Debug|Any CPU
		{E7EB9B06-2C8B-EF7D-4F74-48086CBC0E93}.Debug|Any CPU.Build.0 = Debug|Any CPU
		{E7EB9B06-2C8B-EF7D-4F74-48086CBC0E93}.Release|Any CPU.ActiveCfg = Release|Any CPU
		{E7EB9B06-2C8B-EF7D-4F74-48086CBC0E93}.Release|Any CPU.Build.0 = Release|Any CPU
		{D8C99FEC-F429-F3C2-0480-7F71388C83F2}.Debug|Any CPU.ActiveCfg = Debug|Any CPU
		{D8C99FEC-F429-F3C2-0480-7F71388C83F2}.Debug|Any CPU.Build.0 = Debug|Any CPU
		{D8C99FEC-F429-F3C2-0480-7F71388C83F2}.Release|Any CPU.ActiveCfg = Release|Any CPU
		{D8C99FEC-F429-F3C2-0480-7F71388C83F2}.Release|Any CPU.Build.0 = Release|Any CPU
		{F738222C-B48A-8189-494A-AE1036CED1E3}.Debug|Any CPU.ActiveCfg = Debug|Any CPU
		{F738222C-B48A-8189-494A-AE1036CED1E3}.Debug|Any CPU.Build.0 = Debug|Any CPU
		{F738222C-B48A-8189-494A-AE1036CED1E3}.Release|Any CPU.ActiveCfg = Release|Any CPU
		{F738222C-B48A-8189-494A-AE1036CED1E3}.Release|Any CPU.Build.0 = Release|Any CPU
		{52BD6F20-394A-F45D-1E92-782DF6CB7088}.Debug|Any CPU.ActiveCfg = Debug|Any CPU
		{52BD6F20-394A-F45D-1E92-782DF6CB7088}.Debug|Any CPU.Build.0 = Debug|Any CPU
		{52BD6F20-394A-F45D-1E92-782DF6CB7088}.Release|Any CPU.ActiveCfg = Release|Any CPU
		{52BD6F20-394A-F45D-1E92-782DF6CB7088}.Release|Any CPU.Build.0 = Release|Any CPU
		{2808B4C9-D243-63FE-B716-F01883600C10}.Debug|Any CPU.ActiveCfg = Debug|Any CPU
		{2808B4C9-D243-63FE-B716-F01883600C10}.Debug|Any CPU.Build.0 = Debug|Any CPU
		{2808B4C9-D243-63FE-B716-F01883600C10}.Release|Any CPU.ActiveCfg = Release|Any CPU
		{2808B4C9-D243-63FE-B716-F01883600C10}.Release|Any CPU.Build.0 = Release|Any CPU
		{0D449ACC-D877-9A7C-3CDC-06806660A897}.Debug|Any CPU.ActiveCfg = Debug|Any CPU
		{0D449ACC-D877-9A7C-3CDC-06806660A897}.Debug|Any CPU.Build.0 = Debug|Any CPU
		{0D449ACC-D877-9A7C-3CDC-06806660A897}.Release|Any CPU.ActiveCfg = Release|Any CPU
		{0D449ACC-D877-9A7C-3CDC-06806660A897}.Release|Any CPU.Build.0 = Release|Any CPU
		{189CFD50-F85B-AD40-8829-4A02DEE4E815}.Debug|Any CPU.ActiveCfg = Debug|Any CPU
		{189CFD50-F85B-AD40-8829-4A02DEE4E815}.Debug|Any CPU.Build.0 = Debug|Any CPU
		{189CFD50-F85B-AD40-8829-4A02DEE4E815}.Release|Any CPU.ActiveCfg = Release|Any CPU
		{189CFD50-F85B-AD40-8829-4A02DEE4E815}.Release|Any CPU.Build.0 = Release|Any CPU
		{36CF1E0A-2753-C60A-4B61-5D7D8A1AB6B6}.Debug|Any CPU.ActiveCfg = Debug|Any CPU
		{36CF1E0A-2753-C60A-4B61-5D7D8A1AB6B6}.Debug|Any CPU.Build.0 = Debug|Any CPU
		{36CF1E0A-2753-C60A-4B61-5D7D8A1AB6B6}.Release|Any CPU.ActiveCfg = Release|Any CPU
		{36CF1E0A-2753-C60A-4B61-5D7D8A1AB6B6}.Release|Any CPU.Build.0 = Release|Any CPU
		{8CBB574D-DEF6-2738-880B-73A88DCFDBB9}.Debug|Any CPU.ActiveCfg = Debug|Any CPU
		{8CBB574D-DEF6-2738-880B-73A88DCFDBB9}.Debug|Any CPU.Build.0 = Debug|Any CPU
		{8CBB574D-DEF6-2738-880B-73A88DCFDBB9}.Release|Any CPU.ActiveCfg = Release|Any CPU
		{8CBB574D-DEF6-2738-880B-73A88DCFDBB9}.Release|Any CPU.Build.0 = Release|Any CPU
		{D2A87215-2BCC-A9C9-E779-18B6B6EB0D50}.Debug|Any CPU.ActiveCfg = Debug|Any CPU
		{D2A87215-2BCC-A9C9-E779-18B6B6EB0D50}.Debug|Any CPU.Build.0 = Debug|Any CPU
		{D2A87215-2BCC-A9C9-E779-18B6B6EB0D50}.Release|Any CPU.ActiveCfg = Release|Any CPU
		{D2A87215-2BCC-A9C9-E779-18B6B6EB0D50}.Release|Any CPU.Build.0 = Release|Any CPU
		{B47F6D78-74A0-4FC0-ED86-8B07630BB176}.Debug|Any CPU.ActiveCfg = Debug|Any CPU
		{B47F6D78-74A0-4FC0-ED86-8B07630BB176}.Debug|Any CPU.Build.0 = Debug|Any CPU
		{B47F6D78-74A0-4FC0-ED86-8B07630BB176}.Release|Any CPU.ActiveCfg = Release|Any CPU
		{B47F6D78-74A0-4FC0-ED86-8B07630BB176}.Release|Any CPU.Build.0 = Release|Any CPU
		{219D7A95-8310-C317-6AA5-1E1082EC2BA5}.Debug|Any CPU.ActiveCfg = Debug|Any CPU
		{219D7A95-8310-C317-6AA5-1E1082EC2BA5}.Debug|Any CPU.Build.0 = Debug|Any CPU
		{219D7A95-8310-C317-6AA5-1E1082EC2BA5}.Release|Any CPU.ActiveCfg = Release|Any CPU
		{219D7A95-8310-C317-6AA5-1E1082EC2BA5}.Release|Any CPU.Build.0 = Release|Any CPU
		{3AFDB13C-29C9-7308-D8BD-EAC4D40E4041}.Debug|Any CPU.ActiveCfg = Debug|Any CPU
		{3AFDB13C-29C9-7308-D8BD-EAC4D40E4041}.Debug|Any CPU.Build.0 = Debug|Any CPU
		{3AFDB13C-29C9-7308-D8BD-EAC4D40E4041}.Release|Any CPU.ActiveCfg = Release|Any CPU
		{3AFDB13C-29C9-7308-D8BD-EAC4D40E4041}.Release|Any CPU.Build.0 = Release|Any CPU
		{357F9FD3-0336-98BB-4553-4FE62E357269}.Debug|Any CPU.ActiveCfg = Debug|Any CPU
		{357F9FD3-0336-98BB-4553-4FE62E357269}.Debug|Any CPU.Build.0 = Debug|Any CPU
		{357F9FD3-0336-98BB-4553-4FE62E357269}.Release|Any CPU.ActiveCfg = Release|Any CPU
		{357F9FD3-0336-98BB-4553-4FE62E357269}.Release|Any CPU.Build.0 = Release|Any CPU
		{F1A8B789-D9A3-BA3E-F016-1FC8F2728DA0}.Debug|Any CPU.ActiveCfg = Debug|Any CPU
		{F1A8B789-D9A3-BA3E-F016-1FC8F2728DA0}.Debug|Any CPU.Build.0 = Debug|Any CPU
		{F1A8B789-D9A3-BA3E-F016-1FC8F2728DA0}.Release|Any CPU.ActiveCfg = Release|Any CPU
		{F1A8B789-D9A3-BA3E-F016-1FC8F2728DA0}.Release|Any CPU.Build.0 = Release|Any CPU
		{0142BABA-8726-022B-1397-62FA5219BE38}.Debug|Any CPU.ActiveCfg = Debug|Any CPU
		{0142BABA-8726-022B-1397-62FA5219BE38}.Debug|Any CPU.Build.0 = Debug|Any CPU
		{0142BABA-8726-022B-1397-62FA5219BE38}.Release|Any CPU.ActiveCfg = Release|Any CPU
		{0142BABA-8726-022B-1397-62FA5219BE38}.Release|Any CPU.Build.0 = Release|Any CPU
		{E098985A-D20E-98E6-AC4E-54D6245300E2}.Debug|Any CPU.ActiveCfg = Debug|Any CPU
		{E098985A-D20E-98E6-AC4E-54D6245300E2}.Debug|Any CPU.Build.0 = Debug|Any CPU
		{E098985A-D20E-98E6-AC4E-54D6245300E2}.Release|Any CPU.ActiveCfg = Release|Any CPU
		{E098985A-D20E-98E6-AC4E-54D6245300E2}.Release|Any CPU.Build.0 = Release|Any CPU
		{41F71291-D832-8502-1D98-8C7236154887}.Debug|Any CPU.ActiveCfg = Debug|Any CPU
		{41F71291-D832-8502-1D98-8C7236154887}.Debug|Any CPU.Build.0 = Debug|Any CPU
		{41F71291-D832-8502-1D98-8C7236154887}.Release|Any CPU.ActiveCfg = Release|Any CPU
		{41F71291-D832-8502-1D98-8C7236154887}.Release|Any CPU.Build.0 = Release|Any CPU
		{0E33F2E4-0685-A027-3DB4-9A21AE619796}.Debug|Any CPU.ActiveCfg = Debug|Any CPU
		{0E33F2E4-0685-A027-3DB4-9A21AE619796}.Debug|Any CPU.Build.0 = Debug|Any CPU
		{0E33F2E4-0685-A027-3DB4-9A21AE619796}.Release|Any CPU.ActiveCfg = Release|Any CPU
		{0E33F2E4-0685-A027-3DB4-9A21AE619796}.Release|Any CPU.Build.0 = Release|Any CPU
		{30057B0D-B85A-C3CA-2222-C83B0568AA6C}.Debug|Any CPU.ActiveCfg = Debug|Any CPU
		{30057B0D-B85A-C3CA-2222-C83B0568AA6C}.Debug|Any CPU.Build.0 = Debug|Any CPU
		{30057B0D-B85A-C3CA-2222-C83B0568AA6C}.Release|Any CPU.ActiveCfg = Release|Any CPU
		{30057B0D-B85A-C3CA-2222-C83B0568AA6C}.Release|Any CPU.Build.0 = Release|Any CPU
		{5E6A3738-6597-07DA-1180-7910F7A27359}.Debug|Any CPU.ActiveCfg = Debug|Any CPU
		{5E6A3738-6597-07DA-1180-7910F7A27359}.Debug|Any CPU.Build.0 = Debug|Any CPU
		{5E6A3738-6597-07DA-1180-7910F7A27359}.Release|Any CPU.ActiveCfg = Release|Any CPU
		{5E6A3738-6597-07DA-1180-7910F7A27359}.Release|Any CPU.Build.0 = Release|Any CPU
		{264B802F-6A6F-75F7-B34D-73F21771863F}.Debug|Any CPU.ActiveCfg = Debug|Any CPU
		{264B802F-6A6F-75F7-B34D-73F21771863F}.Debug|Any CPU.Build.0 = Debug|Any CPU
		{264B802F-6A6F-75F7-B34D-73F21771863F}.Release|Any CPU.ActiveCfg = Release|Any CPU
		{264B802F-6A6F-75F7-B34D-73F21771863F}.Release|Any CPU.Build.0 = Release|Any CPU
		{D6F7A0EF-D2AC-0094-1959-7748D92BC342}.Debug|Any CPU.ActiveCfg = Debug|Any CPU
		{D6F7A0EF-D2AC-0094-1959-7748D92BC342}.Debug|Any CPU.Build.0 = Debug|Any CPU
		{D6F7A0EF-D2AC-0094-1959-7748D92BC342}.Release|Any CPU.ActiveCfg = Release|Any CPU
		{D6F7A0EF-D2AC-0094-1959-7748D92BC342}.Release|Any CPU.Build.0 = Release|Any CPU
		{AC4B9D07-4A48-DF54-D270-C434029002E2}.Debug|Any CPU.ActiveCfg = Debug|Any CPU
		{AC4B9D07-4A48-DF54-D270-C434029002E2}.Debug|Any CPU.Build.0 = Debug|Any CPU
		{AC4B9D07-4A48-DF54-D270-C434029002E2}.Release|Any CPU.ActiveCfg = Release|Any CPU
		{AC4B9D07-4A48-DF54-D270-C434029002E2}.Release|Any CPU.Build.0 = Release|Any CPU
		{E1EDF1CC-7F29-0F0D-FBEA-B94933BED253}.Debug|Any CPU.ActiveCfg = Debug|Any CPU
		{E1EDF1CC-7F29-0F0D-FBEA-B94933BED253}.Debug|Any CPU.Build.0 = Debug|Any CPU
		{E1EDF1CC-7F29-0F0D-FBEA-B94933BED253}.Release|Any CPU.ActiveCfg = Release|Any CPU
		{E1EDF1CC-7F29-0F0D-FBEA-B94933BED253}.Release|Any CPU.Build.0 = Release|Any CPU
		{2119B5A7-3DB9-F1C8-5939-DD96EE260347}.Debug|Any CPU.ActiveCfg = Debug|Any CPU
		{2119B5A7-3DB9-F1C8-5939-DD96EE260347}.Debug|Any CPU.Build.0 = Debug|Any CPU
		{2119B5A7-3DB9-F1C8-5939-DD96EE260347}.Release|Any CPU.ActiveCfg = Release|Any CPU
		{2119B5A7-3DB9-F1C8-5939-DD96EE260347}.Release|Any CPU.Build.0 = Release|Any CPU
		{C5B36CCC-23ED-1270-ED5B-36DE7501A5AE}.Debug|Any CPU.ActiveCfg = Debug|Any CPU
		{C5B36CCC-23ED-1270-ED5B-36DE7501A5AE}.Debug|Any CPU.Build.0 = Debug|Any CPU
		{C5B36CCC-23ED-1270-ED5B-36DE7501A5AE}.Release|Any CPU.ActiveCfg = Release|Any CPU
		{C5B36CCC-23ED-1270-ED5B-36DE7501A5AE}.Release|Any CPU.Build.0 = Release|Any CPU
		{0088C3D2-1370-1A3E-6C30-2B0528487247}.Debug|Any CPU.ActiveCfg = Debug|Any CPU
		{0088C3D2-1370-1A3E-6C30-2B0528487247}.Debug|Any CPU.Build.0 = Debug|Any CPU
		{0088C3D2-1370-1A3E-6C30-2B0528487247}.Release|Any CPU.ActiveCfg = Release|Any CPU
		{0088C3D2-1370-1A3E-6C30-2B0528487247}.Release|Any CPU.Build.0 = Release|Any CPU
		{2427B745-11AA-8560-4882-8D7FF68E2D4B}.Debug|Any CPU.ActiveCfg = Debug|Any CPU
		{2427B745-11AA-8560-4882-8D7FF68E2D4B}.Debug|Any CPU.Build.0 = Debug|Any CPU
		{2427B745-11AA-8560-4882-8D7FF68E2D4B}.Release|Any CPU.ActiveCfg = Release|Any CPU
		{2427B745-11AA-8560-4882-8D7FF68E2D4B}.Release|Any CPU.Build.0 = Release|Any CPU
		{28BD3C1D-A729-00F4-C2E1-64913DE7B5F9}.Debug|Any CPU.ActiveCfg = Debug|Any CPU
		{28BD3C1D-A729-00F4-C2E1-64913DE7B5F9}.Debug|Any CPU.Build.0 = Debug|Any CPU
		{28BD3C1D-A729-00F4-C2E1-64913DE7B5F9}.Release|Any CPU.ActiveCfg = Release|Any CPU
		{28BD3C1D-A729-00F4-C2E1-64913DE7B5F9}.Release|Any CPU.Build.0 = Release|Any CPU
		{9E0806DD-DF92-9611-1FD7-85C9400B3BC7}.Debug|Any CPU.ActiveCfg = Debug|Any CPU
		{9E0806DD-DF92-9611-1FD7-85C9400B3BC7}.Debug|Any CPU.Build.0 = Debug|Any CPU
		{9E0806DD-DF92-9611-1FD7-85C9400B3BC7}.Release|Any CPU.ActiveCfg = Release|Any CPU
		{9E0806DD-DF92-9611-1FD7-85C9400B3BC7}.Release|Any CPU.Build.0 = Release|Any CPU
		{241BAD60-0E30-3B9A-E3E8-5484AE4127AC}.Debug|Any CPU.ActiveCfg = Debug|Any CPU
		{241BAD60-0E30-3B9A-E3E8-5484AE4127AC}.Debug|Any CPU.Build.0 = Debug|Any CPU
		{241BAD60-0E30-3B9A-E3E8-5484AE4127AC}.Release|Any CPU.ActiveCfg = Release|Any CPU
		{241BAD60-0E30-3B9A-E3E8-5484AE4127AC}.Release|Any CPU.Build.0 = Release|Any CPU
		{385B9038-A26E-5DA7-4881-379C0A409DEC}.Debug|Any CPU.ActiveCfg = Debug|Any CPU
		{385B9038-A26E-5DA7-4881-379C0A409DEC}.Debug|Any CPU.Build.0 = Debug|Any CPU
		{385B9038-A26E-5DA7-4881-379C0A409DEC}.Release|Any CPU.ActiveCfg = Release|Any CPU
		{385B9038-A26E-5DA7-4881-379C0A409DEC}.Release|Any CPU.Build.0 = Release|Any CPU
		{D9879A8F-E86F-B8F5-80EB-94E1CFA17320}.Debug|Any CPU.ActiveCfg = Debug|Any CPU
		{D9879A8F-E86F-B8F5-80EB-94E1CFA17320}.Debug|Any CPU.Build.0 = Debug|Any CPU
		{D9879A8F-E86F-B8F5-80EB-94E1CFA17320}.Release|Any CPU.ActiveCfg = Release|Any CPU
		{D9879A8F-E86F-B8F5-80EB-94E1CFA17320}.Release|Any CPU.Build.0 = Release|Any CPU
		{E507537E-B2C3-783B-F42A-167521C6F5D9}.Debug|Any CPU.ActiveCfg = Debug|Any CPU
		{E507537E-B2C3-783B-F42A-167521C6F5D9}.Debug|Any CPU.Build.0 = Debug|Any CPU
		{E507537E-B2C3-783B-F42A-167521C6F5D9}.Release|Any CPU.ActiveCfg = Release|Any CPU
		{E507537E-B2C3-783B-F42A-167521C6F5D9}.Release|Any CPU.Build.0 = Release|Any CPU
	EndGlobalSection
	GlobalSection(SolutionProperties) = preSolution
		HideSolutionNode = FALSE
	EndGlobalSection
EndGlobal
